
Microsoft Visual Studio Solution File, Format Version 12.00
# Visual Studio Version 16
VisualStudioVersion = 16.0.29306.81
MinimumVisualStudioVersion = 10.0.40219.1
Project("{FAE04EC0-301F-11D3-BF4B-00C04F79EFBC}") = "Rad sa vise formi-EM", "Rad sa vise formi-EM\Rad sa vise formi-EM.csproj", "{9AF57160-E7C5-40B5-8D35-6A0E44E8F301}"
EndProject
Global
	GlobalSection(SolutionConfigurationPlatforms) = preSolution
		Debug|Any CPU = Debug|Any CPU
		Release|Any CPU = Release|Any CPU
	EndGlobalSection
	GlobalSection(ProjectConfigurationPlatforms) = postSolution
		{9AF57160-E7C5-40B5-8D35-6A0E44E8F301}.Debug|Any CPU.ActiveCfg = Debug|Any CPU
		{9AF57160-E7C5-40B5-8D35-6A0E44E8F301}.Debug|Any CPU.Build.0 = Debug|Any CPU
		{9AF57160-E7C5-40B5-8D35-6A0E44E8F301}.Release|Any CPU.ActiveCfg = Release|Any CPU
		{9AF57160-E7C5-40B5-8D35-6A0E44E8F301}.Release|Any CPU.Build.0 = Release|Any CPU
	EndGlobalSection
	GlobalSection(SolutionProperties) = preSolution
		HideSolutionNode = FALSE
	EndGlobalSection
	GlobalSection(ExtensibilityGlobals) = postSolution
		SolutionGuid = {0AE2713F-B6FE-432F-A59E-3C369BE7BD15}
	EndGlobalSection
EndGlobal
